<?xml version="1.0" encoding="utf-8"?>
<Project ToolsVersion="4.0" xmlns="http://schemas.microsoft.com/developer/msbuild/2003">
  <ItemGroup>
    <Filter Include="源文件">
      <UniqueIdentifier>{4FC737F1-C7A5-4376-A066-2A32D752A2FF}</UniqueIdentifier>
      <Extensions>cpp;c;cc;cxx;c++;cppm;ixx;def;odl;idl;hpj;bat;asm;asmx</Extensions>
    </Filter>
    <Filter Include="头文件">
      <UniqueIdentifier>{93995380-89BD-4b04-88EB-625FBE52EBFB}</UniqueIdentifier>
      <Extensions>h;hh;hpp;hxx;h++;hm;inl;inc;ipp;xsd</Extensions>
    </Filter>
    <Filter Include="资源文件">
      <UniqueIdentifier>{67DA6AB6-F800-4c08-8B7A-83BB121AAD01}</UniqueIdentifier>
      <Extensions>rc;ico;cur;bmp;dlg;rc2;rct;bin;rgs;gif;jpg;jpeg;jpe;resx;tiff;tif;png;wav;mfcribbon-ms</Extensions>
    </Filter>
  </ItemGroup>
  <ItemGroup>
    <ClCompile Include="01 STL初识-vector存放内置数组类型.cpp">
      <Filter>源文件</Filter>
    </ClCompile>
    <ClCompile Include="02 STL初识-vector存放自定义数组类型.cpp">
      <Filter>源文件</Filter>
    </ClCompile>
    <ClCompile Include="03 STL初识-容器嵌套容器.cpp">
      <Filter>源文件</Filter>
    </ClCompile>
    <ClCompile Include="04 String容器-构造函数.cpp">
      <Filter>源文件</Filter>
    </ClCompile>
    <ClCompile Include="05 String容器-赋值操作.cpp">
      <Filter>源文件</Filter>
    </ClCompile>
    <ClCompile Include="07 String容器-字符串查找和替换.cpp">
      <Filter>源文件</Filter>
    </ClCompile>
    <ClCompile Include="08 String容器-字符串比较.cpp">
      <Filter>源文件</Filter>
    </ClCompile>
    <ClCompile Include="06 String容器-字符串拼接.cpp">
      <Filter>源文件</Filter>
    </ClCompile>
    <ClCompile Include="09 String容器-字符串存取.cpp">
      <Filter>源文件</Filter>
    </ClCompile>
    <ClCompile Include="10 String容器-字符串插入和删除.cpp">
      <Filter>源文件</Filter>
    </ClCompile>
    <ClCompile Include="11 String容器-字符串子串.cpp">
      <Filter>源文件</Filter>
    </ClCompile>
    <ClCompile Include="12 vector容器-构造函数.cpp">
      <Filter>源文件</Filter>
    </ClCompile>
    <ClCompile Include="13 vector容器-赋值操作.cpp">
      <Filter>源文件</Filter>
    </ClCompile>
    <ClCompile Include="14 vector容器-容量大小.cpp">
      <Filter>源文件</Filter>
    </ClCompile>
    <ClCompile Include="15 vector容器-插入删除.cpp">
      <Filter>源文件</Filter>
    </ClCompile>
    <ClCompile Include="16 vector容器-数据存取.cpp">
      <Filter>源文件</Filter>
    </ClCompile>
    <ClCompile Include="17 vector容器-互换容器.cpp">
      <Filter>源文件</Filter>
    </ClCompile>
    <ClCompile Include="18 vector容器-预留空间.cpp">
      <Filter>源文件</Filter>
    </ClCompile>
    <ClCompile Include="19 deque容器-构造函数.cpp">
      <Filter>源文件</Filter>
    </ClCompile>
    <ClCompile Include="20 deque容器-赋值操作.cpp">
      <Filter>源文件</Filter>
    </ClCompile>
    <ClCompile Include="21 deque容器-大小操作.cpp">
      <Filter>源文件</Filter>
    </ClCompile>
    <ClCompile Include="22 deque容器-插入删除.cpp">
      <Filter>源文件</Filter>
    </ClCompile>
    <ClCompile Include="23 deque容器-数据存取排序.cpp">
      <Filter>源文件</Filter>
    </ClCompile>
    <ClCompile Include="24 STL案例1-评委打分.cpp">
      <Filter>源文件</Filter>
    </ClCompile>
    <ClCompile Include="25 stack容器-概念接口.cpp">
      <Filter>源文件</Filter>
    </ClCompile>
    <ClCompile Include="26 queue容器-概念接口.cpp">
      <Filter>源文件</Filter>
    </ClCompile>
    <ClCompile Include="27 list容器-构造函数.cpp">
      <Filter>源文件</Filter>
    </ClCompile>
    <ClCompile Include="28 list容器-赋值和交换.cpp">
      <Filter>源文件</Filter>
    </ClCompile>
    <ClCompile Include="29 list容器-大小操作.cpp">
      <Filter>源文件</Filter>
    </ClCompile>
    <ClCompile Include="30 list容器-插入和删除.cpp">
      <Filter>源文件</Filter>
    </ClCompile>
    <ClCompile Include="31 list容器-数据存取.cpp">
      <Filter>源文件</Filter>
    </ClCompile>
    <ClCompile Include="32 list容器-反转排序.cpp">
      <Filter>源文件</Filter>
    </ClCompile>
    <ClCompile Include="33 list容器-排序案例.cpp">
      <Filter>源文件</Filter>
    </ClCompile>
    <ClCompile Include="34 set-multiset-构造赋值.cpp">
      <Filter>源文件</Filter>
    </ClCompile>
    <ClCompile Include="35 set-multiset-大小交换.cpp">
      <Filter>源文件</Filter>
    </ClCompile>
    <ClCompile Include="36 set-multiset-插入删除.cpp">
      <Filter>源文件</Filter>
    </ClCompile>
    <ClCompile Include="37 set-multiset-查找统计.cpp">
      <Filter>源文件</Filter>
    </ClCompile>
    <ClCompile Include="37 set-multiset-两者区别.cpp">
      <Filter>源文件</Filter>
    </ClCompile>
    <ClCompile Include="38 pair使用-对组创建.cpp">
      <Filter>源文件</Filter>
    </ClCompile>
    <ClCompile Include="39 set-multiset-容器排序.cpp">
      <Filter>源文件</Filter>
    </ClCompile>
    <ClCompile Include="40 map-multimap-构造赋值.cpp">
      <Filter>源文件</Filter>
    </ClCompile>
    <ClCompile Include="41 map-multimap-大小交换.cpp">
      <Filter>源文件</Filter>
    </ClCompile>
    <ClCompile Include="42 map-multimap-插入删除.cpp">
      <Filter>源文件</Filter>
    </ClCompile>
    <ClCompile Include="42 map-multimap-查找统计.cpp">
      <Filter>源文件</Filter>
    </ClCompile>
    <ClCompile Include="42 map-multimap-排序.cpp">
      <Filter>源文件</Filter>
    </ClCompile>
    <ClCompile Include="43 STL案例-员工分组.cpp">
      <Filter>源文件</Filter>
    </ClCompile>
    <ClCompile Include="44 函数对象的基本使用.cpp">
      <Filter>源文件</Filter>
    </ClCompile>
    <ClCompile Include="45 谓词-一元和二元谓词.cpp">
      <Filter>源文件</Filter>
    </ClCompile>
    <ClCompile Include="46 内建函数对象-算数仿函数.cpp">
      <Filter>源文件</Filter>
    </ClCompile>
    <ClCompile Include="47 内建函数对象-关系仿函数.cpp">
      <Filter>源文件</Filter>
    </ClCompile>
    <ClCompile Include="48 内建函数对象-逻辑仿函数.cpp">
      <Filter>源文件</Filter>
    </ClCompile>
    <ClCompile Include="49 常用遍历算法-for_each.cpp">
      <Filter>源文件</Filter>
    </ClCompile>
    <ClCompile Include="50 常用遍历算法-transform.cpp">
      <Filter>源文件</Filter>
    </ClCompile>
    <ClCompile Include="51 常用查找算法-find.cpp">
      <Filter>源文件</Filter>
    </ClCompile>
    <ClCompile Include="52 常用查找算法-adjacent_find.cpp">
      <Filter>源文件</Filter>
    </ClCompile>
    <ClCompile Include="52 常用查找算法-binary_search.cpp">
      <Filter>源文件</Filter>
    </ClCompile>
    <ClCompile Include="53 常用查找算法-count.cpp">
      <Filter>源文件</Filter>
    </ClCompile>
    <ClCompile Include="54 常用排序算法-sort.cpp">
      <Filter>源文件</Filter>
    </ClCompile>
    <ClCompile Include="55 常用排序算法-random_shuffle.cpp">
      <Filter>源文件</Filter>
    </ClCompile>
    <ClCompile Include="56 常用排序算法-merge.cpp">
      <Filter>源文件</Filter>
    </ClCompile>
    <ClCompile Include="56 常用排序算法-reverse.cpp">
      <Filter>源文件</Filter>
    </ClCompile>
    <ClCompile Include="57 常用拷贝和替换算法-copy.cpp">
      <Filter>源文件</Filter>
    </ClCompile>
    <ClCompile Include="58 常用拷贝和替换算法-replace.cpp">
      <Filter>源文件</Filter>
    </ClCompile>
    <ClCompile Include="59 常用拷贝和替换算法-swap.cpp">
      <Filter>源文件</Filter>
    </ClCompile>
    <ClCompile Include="60 常用算数生成算法-accumulate.cpp">
      <Filter>源文件</Filter>
    </ClCompile>
    <ClCompile Include="61 常用算数生成算法-fill.cpp">
      <Filter>源文件</Filter>
    </ClCompile>
    <ClCompile Include="62 常用集合算法.cpp">
      <Filter>源文件</Filter>
    </ClCompile>
  </ItemGroup>
</Project>